{
  "name": "node_anisul_islam",
  "version": "1.0.0",
  "lockfileVersion": 3,
  "requires": true,
  "packages": {
    "": {
      "name": "node_anisul_islam",
      "version": "1.0.0",
      "license": "ISC",
      "dependencies": {
        "movie-name": "^1.0.0"
      }
    },
    "node_modules/movie-name": {
      "version": "1.0.0",
      "resolved": "https://registry.npmjs.org/movie-name/-/movie-name-1.0.0.tgz",
      "integrity": "sha512-W56CE+zXFbAlsO5egdfmmMvaEfl0logm2RcXtQ+3kvFE8eki4n73iJLlExFnRmP1hyVaMkxF3FWPpHwuGDiaDw==",
      "bin": {
        "movie-name": "cli.js"
      }
    }
  }
}
