{
  "name": "external-module",
  "version": "1.0.0",
  "lockfileVersion": 3,
  "requires": true,
  "packages": {
    "": {
      "name": "external-module",
      "version": "1.0.0",
      "license": "ISC",
      "dependencies": {
        "random-fruits-name": "^1.10.0"
      }
    },
    "node_modules/random-fruits-name": {
      "version": "1.10.0",
      "resolved": "https://registry.npmjs.org/random-fruits-name/-/random-fruits-name-1.10.0.tgz",
      "integrity": "sha512-10rwUDucHQU5lILB8stmDtoBh/vtdmp2qlgK1IkYiUGnyALm2Nx+QSWRpFlGt6AY7FLZ4iWlTFRJwe45u9rt3g=="
    }
  }
}
